
Microsoft Visual Studio Solution File, Format Version 12.00
# Visual Studio Version 16
VisualStudioVersion = 16.0.30517.126
MinimumVisualStudioVersion = 10.0.40219.1
Project("{8BC9CEB8-8B4A-11D0-8D11-00A0C91BC942}") = "Week 40 Meisam Class", "Week 40 Meisam Class\Week 40 Meisam Class.vcxproj", "{E283B05F-06DB-48A8-998F-77AF5922DE1E}"
EndProject
Global
	GlobalSection(SolutionConfigurationPlatforms) = preSolution
		Debug|x64 = Debug|x64
		Debug|x86 = Debug|x86
		Release|x64 = Release|x64
		Release|x86 = Release|x86
	EndGlobalSection
	GlobalSection(ProjectConfigurationPlatforms) = postSolution
		{E283B05F-06DB-48A8-998F-77AF5922DE1E}.Debug|x64.ActiveCfg = Debug|x64
		{E283B05F-06DB-48A8-998F-77AF5922DE1E}.Debug|x64.Build.0 = Debug|x64
		{E283B05F-06DB-48A8-998F-77AF5922DE1E}.Debug|x86.ActiveCfg = Debug|Win32
		{E283B05F-06DB-48A8-998F-77AF5922DE1E}.Debug|x86.Build.0 = Debug|Win32
		{E283B05F-06DB-48A8-998F-77AF5922DE1E}.Release|x64.ActiveCfg = Release|x64
		{E283B05F-06DB-48A8-998F-77AF5922DE1E}.Release|x64.Build.0 = Release|x64
		{E283B05F-06DB-48A8-998F-77AF5922DE1E}.Release|x86.ActiveCfg = Release|Win32
		{E283B05F-06DB-48A8-998F-77AF5922DE1E}.Release|x86.Build.0 = Release|Win32
	EndGlobalSection
	GlobalSection(SolutionProperties) = preSolution
		HideSolutionNode = FALSE
	EndGlobalSection
	GlobalSection(ExtensibilityGlobals) = postSolution
		SolutionGuid = {C44EC0CA-09F8-4D24-8762-2BC56781D37D}
	EndGlobalSection
EndGlobal
